
Microsoft Visual Studio Solution File, Format Version 12.00
# Visual Studio Version 17
VisualStudioVersion = 17.9.34728.123
MinimumVisualStudioVersion = 10.0.40219.1
Project("{FAE04EC0-301F-11D3-BF4B-00C04F79EFBC}") = "SkinAdvice", "SkinAdvice\SkinAdvice.csproj", "{EBE21ACA-6AF6-49E3-8B02-8C84E5D2B51F}"
EndProject
Global
	GlobalSection(SolutionConfigurationPlatforms) = preSolution
		Debug|Any CPU = Debug|Any CPU
		Release|Any CPU = Release|Any CPU
	EndGlobalSection
	GlobalSection(ProjectConfigurationPlatforms) = postSolution
		{EBE21ACA-6AF6-49E3-8B02-8C84E5D2B51F}.Debug|Any CPU.ActiveCfg = Debug|Any CPU
		{EBE21ACA-6AF6-49E3-8B02-8C84E5D2B51F}.Debug|Any CPU.Build.0 = Debug|Any CPU
		{EBE21ACA-6AF6-49E3-8B02-8C84E5D2B51F}.Release|Any CPU.ActiveCfg = Release|Any CPU
		{EBE21ACA-6AF6-49E3-8B02-8C84E5D2B51F}.Release|Any CPU.Build.0 = Release|Any CPU
	EndGlobalSection
	GlobalSection(SolutionProperties) = preSolution
		HideSolutionNode = FALSE
	EndGlobalSection
	GlobalSection(ExtensibilityGlobals) = postSolution
		SolutionGuid = {5CDB1AFC-DF79-4B4D-B47E-81D97EF41A21}
	EndGlobalSection
EndGlobal
